
Microsoft Visual Studio Solution File, Format Version 12.00
# Visual Studio Version 17
VisualStudioVersion = 17.1.32210.238
MinimumVisualStudioVersion = 10.0.40219.1
Project("{9A19103F-16F7-4668-BE54-9A1E7A4F7556}") = "Api", "src\Api\Api.csproj", "{875105DF-E4C4-4A15-9613-DCE8183E4770}"
EndProject
Project("{2150E333-8FDC-42A3-9474-1A3956D46DE8}") = "src", "src", "{1BA05ACF-9C37-4ADA-AFD1-4B809C9184C8}"
EndProject
Project("{2150E333-8FDC-42A3-9474-1A3956D46DE8}") = "tools", "tools", "{5C1BC613-F6CC-4B71-91DA-4A8F276C7EBF}"
EndProject
Global
	GlobalSection(SolutionConfigurationPlatforms) = preSolution
		Debug|Any CPU = Debug|Any CPU
		Release|Any CPU = Release|Any CPU
	EndGlobalSection
	GlobalSection(ProjectConfigurationPlatforms) = postSolution
		{875105DF-E4C4-4A15-9613-DCE8183E4770}.Debug|Any CPU.ActiveCfg = Debug|Any CPU
		{875105DF-E4C4-4A15-9613-DCE8183E4770}.Debug|Any CPU.Build.0 = Debug|Any CPU
		{875105DF-E4C4-4A15-9613-DCE8183E4770}.Release|Any CPU.ActiveCfg = Release|Any CPU
		{875105DF-E4C4-4A15-9613-DCE8183E4770}.Release|Any CPU.Build.0 = Release|Any CPU
	EndGlobalSection
	GlobalSection(SolutionProperties) = preSolution
		HideSolutionNode = FALSE
	EndGlobalSection
	GlobalSection(NestedProjects) = preSolution
		{875105DF-E4C4-4A15-9613-DCE8183E4770} = {1BA05ACF-9C37-4ADA-AFD1-4B809C9184C8}
	EndGlobalSection
	GlobalSection(ExtensibilityGlobals) = postSolution
		SolutionGuid = {722B2F60-ED94-4657-B554-40ACC845BFDA}
	EndGlobalSection
EndGlobal
